
Microsoft Visual Studio Solution File, Format Version 12.00
# Visual Studio Version 16
VisualStudioVersion = 16.0.29806.167
MinimumVisualStudioVersion = 10.0.40219.1
Project("{FAE04EC0-301F-11D3-BF4B-00C04F79EFBC}") = "DailyLog", "DailyLog\DailyLog.csproj", "{C310BE06-9478-42AB-95CC-02B44568FEFA}"
EndProject
Project("{FAE04EC0-301F-11D3-BF4B-00C04F79EFBC}") = "DailyLog.Migrations", "MIgrations\DailyLog.Migrations.csproj", "{48B5FCEB-523E-463D-AF64-A4B0590D1E50}"
EndProject
Global
	GlobalSection(SolutionConfigurationPlatforms) = preSolution
		Debug|Any CPU = Debug|Any CPU
		Release|Any CPU = Release|Any CPU
	EndGlobalSection
	GlobalSection(ProjectConfigurationPlatforms) = postSolution
		{C310BE06-9478-42AB-95CC-02B44568FEFA}.Debug|Any CPU.ActiveCfg = Debug|Any CPU
		{C310BE06-9478-42AB-95CC-02B44568FEFA}.Debug|Any CPU.Build.0 = Debug|Any CPU
		{C310BE06-9478-42AB-95CC-02B44568FEFA}.Release|Any CPU.ActiveCfg = Release|Any CPU
		{C310BE06-9478-42AB-95CC-02B44568FEFA}.Release|Any CPU.Build.0 = Release|Any CPU
		{48B5FCEB-523E-463D-AF64-A4B0590D1E50}.Debug|Any CPU.ActiveCfg = Debug|Any CPU
		{48B5FCEB-523E-463D-AF64-A4B0590D1E50}.Debug|Any CPU.Build.0 = Debug|Any CPU
		{48B5FCEB-523E-463D-AF64-A4B0590D1E50}.Release|Any CPU.ActiveCfg = Release|Any CPU
		{48B5FCEB-523E-463D-AF64-A4B0590D1E50}.Release|Any CPU.Build.0 = Release|Any CPU
	EndGlobalSection
	GlobalSection(SolutionProperties) = preSolution
		HideSolutionNode = FALSE
	EndGlobalSection
	GlobalSection(ExtensibilityGlobals) = postSolution
		SolutionGuid = {9D9AA94A-D97F-4E6C-883D-9CBA010CBF95}
	EndGlobalSection
EndGlobal
